
Microsoft Visual Studio Solution File, Format Version 12.00
# Visual Studio Version 17
VisualStudioVersion = 17.11.35219.272
MinimumVisualStudioVersion = 10.0.40219.1
Project("{FAE04EC0-301F-11D3-BF4B-00C04F79EFBC}") = "Proyecto_Gestor_Inmobilario", "Proyecto_Gestor_Inmobilario\Proyecto_Gestor_Inmobilario.csproj", "{6F391B17-5FAE-47D9-8BD0-4E9D78EDB8A8}"
EndProject
Global
	GlobalSection(SolutionConfigurationPlatforms) = preSolution
		Debug|Any CPU = Debug|Any CPU
		Release|Any CPU = Release|Any CPU
	EndGlobalSection
	GlobalSection(ProjectConfigurationPlatforms) = postSolution
		{6F391B17-5FAE-47D9-8BD0-4E9D78EDB8A8}.Debug|Any CPU.ActiveCfg = Debug|Any CPU
		{6F391B17-5FAE-47D9-8BD0-4E9D78EDB8A8}.Debug|Any CPU.Build.0 = Debug|Any CPU
		{6F391B17-5FAE-47D9-8BD0-4E9D78EDB8A8}.Release|Any CPU.ActiveCfg = Release|Any CPU
		{6F391B17-5FAE-47D9-8BD0-4E9D78EDB8A8}.Release|Any CPU.Build.0 = Release|Any CPU
	EndGlobalSection
	GlobalSection(SolutionProperties) = preSolution
		HideSolutionNode = FALSE
	EndGlobalSection
	GlobalSection(ExtensibilityGlobals) = postSolution
		SolutionGuid = {0CF1F6FA-A28B-4406-B813-FA513BC30EA8}
	EndGlobalSection
EndGlobal
